
Microsoft Visual Studio Solution File, Format Version 12.00
# Visual Studio Version 17
VisualStudioVersion = 17.12.35514.174
MinimumVisualStudioVersion = 10.0.40219.1
Project("{2150E333-8FDC-42A3-9474-1A3956D46DE8}") = "Creational", "Creational", "{85642FC1-F44C-4087-8DEF-ECA62F504DA7}"
EndProject
Project("{FAE04EC0-301F-11D3-BF4B-00C04F79EFBC}") = "Singleton", "Singleton\Singleton.csproj", "{24F5E5D3-F545-4B7B-BA8A-7DFA42A11231}"
EndProject
Project("{FAE04EC0-301F-11D3-BF4B-00C04F79EFBC}") = "AbstractFactory", "Factory\AbstractFactory.csproj", "{E25D01CE-E39D-466F-AD5C-CB8CCE4D5474}"
EndProject
Project("{FAE04EC0-301F-11D3-BF4B-00C04F79EFBC}") = "Builder", "Builder\Builder.csproj", "{DA882104-99DB-41A6-93AA-4BBF7E9E95B0}"
EndProject
Project("{2150E333-8FDC-42A3-9474-1A3956D46DE8}") = "Structural", "Structural", "{638A3AA0-EEAD-413E-AC37-2A6547EB973B}"
EndProject
Project("{FAE04EC0-301F-11D3-BF4B-00C04F79EFBC}") = "Decorator", "Decorator\Decorator.csproj", "{DFF137A8-EF92-4657-A31B-5A4598BB30B1}"
EndProject
Project("{FAE04EC0-301F-11D3-BF4B-00C04F79EFBC}") = "Facade", "Facade\Facade.csproj", "{7EC9DFFA-2584-4458-8B65-1831036EAB50}"
EndProject
Project("{FAE04EC0-301F-11D3-BF4B-00C04F79EFBC}") = "Composite", "Composite\Composite.csproj", "{10FD63BB-6528-430C-B675-EF5702483F3E}"
EndProject
Project("{FAE04EC0-301F-11D3-BF4B-00C04F79EFBC}") = "Proxy", "Proxy\Proxy.csproj", "{8F223A4C-0659-4ADA-9133-592BC0FAF259}"
EndProject
Project("{2150E333-8FDC-42A3-9474-1A3956D46DE8}") = "Behavioral", "Behavioral", "{35B44E9F-CB94-4955-ACFA-3BBC721B396F}"
EndProject
Project("{FAE04EC0-301F-11D3-BF4B-00C04F79EFBC}") = "Strategy", "Strategy\Strategy.csproj", "{0156915E-F39F-4900-86C9-F78EFA38F3F4}"
EndProject
Project("{FAE04EC0-301F-11D3-BF4B-00C04F79EFBC}") = "Observer", "Observer\Observer.csproj", "{C2CDB751-314B-4406-94F7-6DFECDC515D2}"
EndProject
Project("{FAE04EC0-301F-11D3-BF4B-00C04F79EFBC}") = "TemplateMethod", "TemplateMethod\TemplateMethod.csproj", "{73D9F7C7-0C83-4F22-BF28-D302EBD6CAC5}"
EndProject
Project("{FAE04EC0-301F-11D3-BF4B-00C04F79EFBC}") = "Command", "Command\Command.csproj", "{F4BAE73D-492F-4620-8551-8382014B7C23}"
EndProject
Project("{FAE04EC0-301F-11D3-BF4B-00C04F79EFBC}") = "State", "State\State.csproj", "{0E527B09-DD3C-463B-8D84-F98528918572}"
EndProject
Project("{FAE04EC0-301F-11D3-BF4B-00C04F79EFBC}") = "Iterator", "Iterator\Iterator.csproj", "{3C82B974-690B-42B0-8F73-CED1ECA63AD9}"
EndProject
Project("{FAE04EC0-301F-11D3-BF4B-00C04F79EFBC}") = "Adapter", "Adapter\Adapter.csproj", "{4433D91A-77B1-4642-BE0B-423F4C130EA2}"
EndProject
Global
	GlobalSection(SolutionConfigurationPlatforms) = preSolution
		Debug|Any CPU = Debug|Any CPU
		Release|Any CPU = Release|Any CPU
	EndGlobalSection
	GlobalSection(ProjectConfigurationPlatforms) = postSolution
		{24F5E5D3-F545-4B7B-BA8A-7DFA42A11231}.Debug|Any CPU.ActiveCfg = Debug|Any CPU
		{24F5E5D3-F545-4B7B-BA8A-7DFA42A11231}.Debug|Any CPU.Build.0 = Debug|Any CPU
		{24F5E5D3-F545-4B7B-BA8A-7DFA42A11231}.Release|Any CPU.ActiveCfg = Release|Any CPU
		{24F5E5D3-F545-4B7B-BA8A-7DFA42A11231}.Release|Any CPU.Build.0 = Release|Any CPU
		{E25D01CE-E39D-466F-AD5C-CB8CCE4D5474}.Debug|Any CPU.ActiveCfg = Debug|Any CPU
		{E25D01CE-E39D-466F-AD5C-CB8CCE4D5474}.Debug|Any CPU.Build.0 = Debug|Any CPU
		{E25D01CE-E39D-466F-AD5C-CB8CCE4D5474}.Release|Any CPU.ActiveCfg = Release|Any CPU
		{E25D01CE-E39D-466F-AD5C-CB8CCE4D5474}.Release|Any CPU.Build.0 = Release|Any CPU
		{DA882104-99DB-41A6-93AA-4BBF7E9E95B0}.Debug|Any CPU.ActiveCfg = Debug|Any CPU
		{DA882104-99DB-41A6-93AA-4BBF7E9E95B0}.Debug|Any CPU.Build.0 = Debug|Any CPU
		{DA882104-99DB-41A6-93AA-4BBF7E9E95B0}.Release|Any CPU.ActiveCfg = Release|Any CPU
		{DA882104-99DB-41A6-93AA-4BBF7E9E95B0}.Release|Any CPU.Build.0 = Release|Any CPU
		{DFF137A8-EF92-4657-A31B-5A4598BB30B1}.Debug|Any CPU.ActiveCfg = Debug|Any CPU
		{DFF137A8-EF92-4657-A31B-5A4598BB30B1}.Debug|Any CPU.Build.0 = Debug|Any CPU
		{DFF137A8-EF92-4657-A31B-5A4598BB30B1}.Release|Any CPU.ActiveCfg = Release|Any CPU
		{DFF137A8-EF92-4657-A31B-5A4598BB30B1}.Release|Any CPU.Build.0 = Release|Any CPU
		{7EC9DFFA-2584-4458-8B65-1831036EAB50}.Debug|Any CPU.ActiveCfg = Debug|Any CPU
		{7EC9DFFA-2584-4458-8B65-1831036EAB50}.Debug|Any CPU.Build.0 = Debug|Any CPU
		{7EC9DFFA-2584-4458-8B65-1831036EAB50}.Release|Any CPU.ActiveCfg = Release|Any CPU
		{7EC9DFFA-2584-4458-8B65-1831036EAB50}.Release|Any CPU.Build.0 = Release|Any CPU
		{10FD63BB-6528-430C-B675-EF5702483F3E}.Debug|Any CPU.ActiveCfg = Debug|Any CPU
		{10FD63BB-6528-430C-B675-EF5702483F3E}.Debug|Any CPU.Build.0 = Debug|Any CPU
		{10FD63BB-6528-430C-B675-EF5702483F3E}.Release|Any CPU.ActiveCfg = Release|Any CPU
		{10FD63BB-6528-430C-B675-EF5702483F3E}.Release|Any CPU.Build.0 = Release|Any CPU
		{8F223A4C-0659-4ADA-9133-592BC0FAF259}.Debug|Any CPU.ActiveCfg = Debug|Any CPU
		{8F223A4C-0659-4ADA-9133-592BC0FAF259}.Debug|Any CPU.Build.0 = Debug|Any CPU
		{8F223A4C-0659-4ADA-9133-592BC0FAF259}.Release|Any CPU.ActiveCfg = Release|Any CPU
		{8F223A4C-0659-4ADA-9133-592BC0FAF259}.Release|Any CPU.Build.0 = Release|Any CPU
		{0156915E-F39F-4900-86C9-F78EFA38F3F4}.Debug|Any CPU.ActiveCfg = Debug|Any CPU
		{0156915E-F39F-4900-86C9-F78EFA38F3F4}.Debug|Any CPU.Build.0 = Debug|Any CPU
		{0156915E-F39F-4900-86C9-F78EFA38F3F4}.Release|Any CPU.ActiveCfg = Release|Any CPU
		{0156915E-F39F-4900-86C9-F78EFA38F3F4}.Release|Any CPU.Build.0 = Release|Any CPU
		{C2CDB751-314B-4406-94F7-6DFECDC515D2}.Debug|Any CPU.ActiveCfg = Debug|Any CPU
		{C2CDB751-314B-4406-94F7-6DFECDC515D2}.Debug|Any CPU.Build.0 = Debug|Any CPU
		{C2CDB751-314B-4406-94F7-6DFECDC515D2}.Release|Any CPU.ActiveCfg = Release|Any CPU
		{C2CDB751-314B-4406-94F7-6DFECDC515D2}.Release|Any CPU.Build.0 = Release|Any CPU
		{73D9F7C7-0C83-4F22-BF28-D302EBD6CAC5}.Debug|Any CPU.ActiveCfg = Debug|Any CPU
		{73D9F7C7-0C83-4F22-BF28-D302EBD6CAC5}.Debug|Any CPU.Build.0 = Debug|Any CPU
		{73D9F7C7-0C83-4F22-BF28-D302EBD6CAC5}.Release|Any CPU.ActiveCfg = Release|Any CPU
		{73D9F7C7-0C83-4F22-BF28-D302EBD6CAC5}.Release|Any CPU.Build.0 = Release|Any CPU
		{F4BAE73D-492F-4620-8551-8382014B7C23}.Debug|Any CPU.ActiveCfg = Debug|Any CPU
		{F4BAE73D-492F-4620-8551-8382014B7C23}.Debug|Any CPU.Build.0 = Debug|Any CPU
		{F4BAE73D-492F-4620-8551-8382014B7C23}.Release|Any CPU.ActiveCfg = Release|Any CPU
		{F4BAE73D-492F-4620-8551-8382014B7C23}.Release|Any CPU.Build.0 = Release|Any CPU
		{0E527B09-DD3C-463B-8D84-F98528918572}.Debug|Any CPU.ActiveCfg = Debug|Any CPU
		{0E527B09-DD3C-463B-8D84-F98528918572}.Debug|Any CPU.Build.0 = Debug|Any CPU
		{0E527B09-DD3C-463B-8D84-F98528918572}.Release|Any CPU.ActiveCfg = Release|Any CPU
		{0E527B09-DD3C-463B-8D84-F98528918572}.Release|Any CPU.Build.0 = Release|Any CPU
		{3C82B974-690B-42B0-8F73-CED1ECA63AD9}.Debug|Any CPU.ActiveCfg = Debug|Any CPU
		{3C82B974-690B-42B0-8F73-CED1ECA63AD9}.Debug|Any CPU.Build.0 = Debug|Any CPU
		{3C82B974-690B-42B0-8F73-CED1ECA63AD9}.Release|Any CPU.ActiveCfg = Release|Any CPU
		{3C82B974-690B-42B0-8F73-CED1ECA63AD9}.Release|Any CPU.Build.0 = Release|Any CPU
		{4433D91A-77B1-4642-BE0B-423F4C130EA2}.Debug|Any CPU.ActiveCfg = Debug|Any CPU
		{4433D91A-77B1-4642-BE0B-423F4C130EA2}.Debug|Any CPU.Build.0 = Debug|Any CPU
		{4433D91A-77B1-4642-BE0B-423F4C130EA2}.Release|Any CPU.ActiveCfg = Release|Any CPU
		{4433D91A-77B1-4642-BE0B-423F4C130EA2}.Release|Any CPU.Build.0 = Release|Any CPU
	EndGlobalSection
	GlobalSection(SolutionProperties) = preSolution
		HideSolutionNode = FALSE
	EndGlobalSection
	GlobalSection(NestedProjects) = preSolution
		{24F5E5D3-F545-4B7B-BA8A-7DFA42A11231} = {85642FC1-F44C-4087-8DEF-ECA62F504DA7}
		{E25D01CE-E39D-466F-AD5C-CB8CCE4D5474} = {85642FC1-F44C-4087-8DEF-ECA62F504DA7}
		{DA882104-99DB-41A6-93AA-4BBF7E9E95B0} = {85642FC1-F44C-4087-8DEF-ECA62F504DA7}
		{DFF137A8-EF92-4657-A31B-5A4598BB30B1} = {638A3AA0-EEAD-413E-AC37-2A6547EB973B}
		{7EC9DFFA-2584-4458-8B65-1831036EAB50} = {638A3AA0-EEAD-413E-AC37-2A6547EB973B}
		{10FD63BB-6528-430C-B675-EF5702483F3E} = {638A3AA0-EEAD-413E-AC37-2A6547EB973B}
		{8F223A4C-0659-4ADA-9133-592BC0FAF259} = {638A3AA0-EEAD-413E-AC37-2A6547EB973B}
		{0156915E-F39F-4900-86C9-F78EFA38F3F4} = {35B44E9F-CB94-4955-ACFA-3BBC721B396F}
		{C2CDB751-314B-4406-94F7-6DFECDC515D2} = {35B44E9F-CB94-4955-ACFA-3BBC721B396F}
		{73D9F7C7-0C83-4F22-BF28-D302EBD6CAC5} = {35B44E9F-CB94-4955-ACFA-3BBC721B396F}
		{F4BAE73D-492F-4620-8551-8382014B7C23} = {35B44E9F-CB94-4955-ACFA-3BBC721B396F}
		{0E527B09-DD3C-463B-8D84-F98528918572} = {35B44E9F-CB94-4955-ACFA-3BBC721B396F}
		{3C82B974-690B-42B0-8F73-CED1ECA63AD9} = {35B44E9F-CB94-4955-ACFA-3BBC721B396F}
		{4433D91A-77B1-4642-BE0B-423F4C130EA2} = {638A3AA0-EEAD-413E-AC37-2A6547EB973B}
	EndGlobalSection
EndGlobal
